
Microsoft Visual Studio Solution File, Format Version 12.00
# Visual Studio 15
VisualStudioVersion = 15.0.27703.2026
MinimumVisualStudioVersion = 10.0.40219.1
Project("{A07B5EB6-E848-4116-A8D0-A826331D98C6}") = "OneBank.FabricApp", "OneBank.FabricApp\OneBank.FabricApp.sfproj", "{E11323D2-9A18-489D-AAA2-0C0A0F6AB3FA}"
EndProject
Project("{FAE04EC0-301F-11D3-BF4B-00C04F79EFBC}") = "OneBank.MasterBot", "OneBank.MasterBot\OneBank.MasterBot.csproj", "{AF30DF1E-B744-4AC9-B663-9DF071B8FFD4}"
EndProject
Project("{FAE04EC0-301F-11D3-BF4B-00C04F79EFBC}") = "OneBank.AccountsBot", "OneBank.AccountsBot\OneBank.AccountsBot.csproj", "{09C1550D-82E5-427D-8687-C86970982097}"
EndProject
Project("{FAE04EC0-301F-11D3-BF4B-00C04F79EFBC}") = "OneBank.Common", "OneBank.Common\OneBank.Common.csproj", "{E8E3A61E-F681-43DD-9FC2-EDF8EC351971}"
EndProject
Project("{FAE04EC0-301F-11D3-BF4B-00C04F79EFBC}") = "OneBank.InsuranceBot", "OneBank.InsuranceBot\OneBank.InsuranceBot.csproj", "{8C0BD12F-901F-4527-B5AB-01B3A67132B6}"
EndProject
Project("{FAE04EC0-301F-11D3-BF4B-00C04F79EFBC}") = "OneBank.BotStateActor", "OneBank.BotStateActor\OneBank.BotStateActor.csproj", "{E20BDF3C-0DDB-4964-A20B-0521BC26ACC0}"
EndProject
Project("{FAE04EC0-301F-11D3-BF4B-00C04F79EFBC}") = "OneBank.BotStateActor.Interfaces", "OneBank.BotStateActor.Interfaces\OneBank.BotStateActor.Interfaces.csproj", "{36BF3451-3BD6-439E-A6C5-ACC1FCF3C5E6}"
EndProject
Global
	GlobalSection(SolutionConfigurationPlatforms) = preSolution
		Debug|Any CPU = Debug|Any CPU
		Debug|x64 = Debug|x64
		Release|Any CPU = Release|Any CPU
		Release|x64 = Release|x64
	EndGlobalSection
	GlobalSection(ProjectConfigurationPlatforms) = postSolution
		{E11323D2-9A18-489D-AAA2-0C0A0F6AB3FA}.Debug|Any CPU.ActiveCfg = Debug|x64
		{E11323D2-9A18-489D-AAA2-0C0A0F6AB3FA}.Debug|x64.ActiveCfg = Debug|x64
		{E11323D2-9A18-489D-AAA2-0C0A0F6AB3FA}.Debug|x64.Build.0 = Debug|x64
		{E11323D2-9A18-489D-AAA2-0C0A0F6AB3FA}.Debug|x64.Deploy.0 = Debug|x64
		{E11323D2-9A18-489D-AAA2-0C0A0F6AB3FA}.Release|Any CPU.ActiveCfg = Release|x64
		{E11323D2-9A18-489D-AAA2-0C0A0F6AB3FA}.Release|x64.ActiveCfg = Release|x64
		{E11323D2-9A18-489D-AAA2-0C0A0F6AB3FA}.Release|x64.Build.0 = Release|x64
		{E11323D2-9A18-489D-AAA2-0C0A0F6AB3FA}.Release|x64.Deploy.0 = Release|x64
		{AF30DF1E-B744-4AC9-B663-9DF071B8FFD4}.Debug|Any CPU.ActiveCfg = Debug|x64
		{AF30DF1E-B744-4AC9-B663-9DF071B8FFD4}.Debug|x64.ActiveCfg = Debug|x64
		{AF30DF1E-B744-4AC9-B663-9DF071B8FFD4}.Debug|x64.Build.0 = Debug|x64
		{AF30DF1E-B744-4AC9-B663-9DF071B8FFD4}.Release|Any CPU.ActiveCfg = Release|x64
		{AF30DF1E-B744-4AC9-B663-9DF071B8FFD4}.Release|x64.ActiveCfg = Release|x64
		{AF30DF1E-B744-4AC9-B663-9DF071B8FFD4}.Release|x64.Build.0 = Release|x64
		{09C1550D-82E5-427D-8687-C86970982097}.Debug|Any CPU.ActiveCfg = Debug|x64
		{09C1550D-82E5-427D-8687-C86970982097}.Debug|x64.ActiveCfg = Debug|x64
		{09C1550D-82E5-427D-8687-C86970982097}.Debug|x64.Build.0 = Debug|x64
		{09C1550D-82E5-427D-8687-C86970982097}.Release|Any CPU.ActiveCfg = Release|x64
		{09C1550D-82E5-427D-8687-C86970982097}.Release|x64.ActiveCfg = Release|x64
		{09C1550D-82E5-427D-8687-C86970982097}.Release|x64.Build.0 = Release|x64
		{E8E3A61E-F681-43DD-9FC2-EDF8EC351971}.Debug|Any CPU.ActiveCfg = Debug|Any CPU
		{E8E3A61E-F681-43DD-9FC2-EDF8EC351971}.Debug|Any CPU.Build.0 = Debug|Any CPU
		{E8E3A61E-F681-43DD-9FC2-EDF8EC351971}.Debug|x64.ActiveCfg = Debug|Any CPU
		{E8E3A61E-F681-43DD-9FC2-EDF8EC351971}.Debug|x64.Build.0 = Debug|Any CPU
		{E8E3A61E-F681-43DD-9FC2-EDF8EC351971}.Release|Any CPU.ActiveCfg = Release|Any CPU
		{E8E3A61E-F681-43DD-9FC2-EDF8EC351971}.Release|Any CPU.Build.0 = Release|Any CPU
		{E8E3A61E-F681-43DD-9FC2-EDF8EC351971}.Release|x64.ActiveCfg = Release|Any CPU
		{E8E3A61E-F681-43DD-9FC2-EDF8EC351971}.Release|x64.Build.0 = Release|Any CPU
		{8C0BD12F-901F-4527-B5AB-01B3A67132B6}.Debug|Any CPU.ActiveCfg = Debug|x64
		{8C0BD12F-901F-4527-B5AB-01B3A67132B6}.Debug|x64.ActiveCfg = Debug|x64
		{8C0BD12F-901F-4527-B5AB-01B3A67132B6}.Debug|x64.Build.0 = Debug|x64
		{8C0BD12F-901F-4527-B5AB-01B3A67132B6}.Release|Any CPU.ActiveCfg = Release|x64
		{8C0BD12F-901F-4527-B5AB-01B3A67132B6}.Release|x64.ActiveCfg = Release|x64
		{8C0BD12F-901F-4527-B5AB-01B3A67132B6}.Release|x64.Build.0 = Release|x64
		{E20BDF3C-0DDB-4964-A20B-0521BC26ACC0}.Debug|Any CPU.ActiveCfg = Debug|x64
		{E20BDF3C-0DDB-4964-A20B-0521BC26ACC0}.Debug|x64.ActiveCfg = Debug|x64
		{E20BDF3C-0DDB-4964-A20B-0521BC26ACC0}.Debug|x64.Build.0 = Debug|x64
		{E20BDF3C-0DDB-4964-A20B-0521BC26ACC0}.Release|Any CPU.ActiveCfg = Release|x64
		{E20BDF3C-0DDB-4964-A20B-0521BC26ACC0}.Release|x64.ActiveCfg = Release|x64
		{E20BDF3C-0DDB-4964-A20B-0521BC26ACC0}.Release|x64.Build.0 = Release|x64
		{36BF3451-3BD6-439E-A6C5-ACC1FCF3C5E6}.Debug|Any CPU.ActiveCfg = Debug|x64
		{36BF3451-3BD6-439E-A6C5-ACC1FCF3C5E6}.Debug|x64.ActiveCfg = Debug|x64
		{36BF3451-3BD6-439E-A6C5-ACC1FCF3C5E6}.Debug|x64.Build.0 = Debug|x64
		{36BF3451-3BD6-439E-A6C5-ACC1FCF3C5E6}.Release|Any CPU.ActiveCfg = Release|x64
		{36BF3451-3BD6-439E-A6C5-ACC1FCF3C5E6}.Release|x64.ActiveCfg = Release|x64
		{36BF3451-3BD6-439E-A6C5-ACC1FCF3C5E6}.Release|x64.Build.0 = Release|x64
	EndGlobalSection
	GlobalSection(SolutionProperties) = preSolution
		HideSolutionNode = FALSE
	EndGlobalSection
	GlobalSection(ExtensibilityGlobals) = postSolution
		SolutionGuid = {99C8F45F-9001-440F-8B0B-F0D2AD692AB7}
	EndGlobalSection
EndGlobal
